
Microsoft Visual Studio Solution File, Format Version 12.00
# Visual Studio Version 17
VisualStudioVersion = 17.0.31903.59
MinimumVisualStudioVersion = 10.0.40219.1
Project("{2150E333-8FDC-42A3-9474-1A3956D46DE8}") = "shared", "shared", "{13328390-19B0-46C9-9A36-531042C3D66F}"
EndProject
Project("{FAE04EC0-301F-11D3-BF4B-00C04F79EFBC}") = "Shared.Contracts", "shared\Shared.Contracts\Shared.Contracts.csproj", "{E492156D-1413-46B3-91F2-1587FBB1E93B}"
EndProject
Project("{2150E333-8FDC-42A3-9474-1A3956D46DE8}") = "src", "src", "{8DE01DA4-A202-489D-BF27-21EE66B912AB}"
EndProject
Project("{FAE04EC0-301F-11D3-BF4B-00C04F79EFBC}") = "Gateway", "src\Gateway\Gateway.csproj", "{644A2E4B-E70A-45F6-AE4A-BD3B0A68F596}"
EndProject
Project("{2150E333-8FDC-42A3-9474-1A3956D46DE8}") = "Services", "Services", "{D630C021-4785-454A-BFB3-C736DE3DBC86}"
EndProject
Project("{FAE04EC0-301F-11D3-BF4B-00C04F79EFBC}") = "Identity.API", "src\Services\Identity.API\Identity.API.csproj", "{261D76D6-9104-4B5D-AD1B-767FE2449AD2}"
EndProject
Project("{FAE04EC0-301F-11D3-BF4B-00C04F79EFBC}") = "Colis.API", "src\Services\Colis.API\Colis.API.csproj", "{CB4D3C52-54AA-4CD6-B179-09AF18A07F31}"
EndProject
Project("{FAE04EC0-301F-11D3-BF4B-00C04F79EFBC}") = "Livreur.API", "src\Services\Livreur.API\Livreur.API.csproj", "{9D36209D-5B90-4B93-A663-2D4F25E95F33}"
EndProject
Project("{FAE04EC0-301F-11D3-BF4B-00C04F79EFBC}") = "Client.API", "src\Services\Client.API\Client.API.csproj", "{863380AB-FA64-4C34-AD4E-58C5C0ECE58B}"
EndProject
Project("{FAE04EC0-301F-11D3-BF4B-00C04F79EFBC}") = "Dashboard.API", "src\Services\Dashboard.API\Dashboard.API.csproj", "{37489D4F-D195-483F-8217-9826352425A5}"
EndProject
Project("{2150E333-8FDC-42A3-9474-1A3956D46DE8}") = "Frontend", "Frontend", "{946A3094-0253-41FF-8B31-598127704BDB}"
EndProject
Project("{FAE04EC0-301F-11D3-BF4B-00C04F79EFBC}") = "GestionLivraisons.Web", "src\Frontend\GestionLivraisons.Web\GestionLivraisons.Web.csproj", "{42288D17-7EC3-4F3C-8538-2375A87F27F3}"
EndProject
Global
	GlobalSection(SolutionConfigurationPlatforms) = preSolution
		Debug|Any CPU = Debug|Any CPU
		Release|Any CPU = Release|Any CPU
	EndGlobalSection
	GlobalSection(SolutionProperties) = preSolution
		HideSolutionNode = FALSE
	EndGlobalSection
	GlobalSection(ProjectConfigurationPlatforms) = postSolution
		{E492156D-1413-46B3-91F2-1587FBB1E93B}.Debug|Any CPU.ActiveCfg = Debug|Any CPU
		{E492156D-1413-46B3-91F2-1587FBB1E93B}.Debug|Any CPU.Build.0 = Debug|Any CPU
		{E492156D-1413-46B3-91F2-1587FBB1E93B}.Release|Any CPU.ActiveCfg = Release|Any CPU
		{E492156D-1413-46B3-91F2-1587FBB1E93B}.Release|Any CPU.Build.0 = Release|Any CPU
		{644A2E4B-E70A-45F6-AE4A-BD3B0A68F596}.Debug|Any CPU.ActiveCfg = Debug|Any CPU
		{644A2E4B-E70A-45F6-AE4A-BD3B0A68F596}.Debug|Any CPU.Build.0 = Debug|Any CPU
		{644A2E4B-E70A-45F6-AE4A-BD3B0A68F596}.Release|Any CPU.ActiveCfg = Release|Any CPU
		{644A2E4B-E70A-45F6-AE4A-BD3B0A68F596}.Release|Any CPU.Build.0 = Release|Any CPU
		{261D76D6-9104-4B5D-AD1B-767FE2449AD2}.Debug|Any CPU.ActiveCfg = Debug|Any CPU
		{261D76D6-9104-4B5D-AD1B-767FE2449AD2}.Debug|Any CPU.Build.0 = Debug|Any CPU
		{261D76D6-9104-4B5D-AD1B-767FE2449AD2}.Release|Any CPU.ActiveCfg = Release|Any CPU
		{261D76D6-9104-4B5D-AD1B-767FE2449AD2}.Release|Any CPU.Build.0 = Release|Any CPU
		{CB4D3C52-54AA-4CD6-B179-09AF18A07F31}.Debug|Any CPU.ActiveCfg = Debug|Any CPU
		{CB4D3C52-54AA-4CD6-B179-09AF18A07F31}.Debug|Any CPU.Build.0 = Debug|Any CPU
		{CB4D3C52-54AA-4CD6-B179-09AF18A07F31}.Release|Any CPU.ActiveCfg = Release|Any CPU
		{CB4D3C52-54AA-4CD6-B179-09AF18A07F31}.Release|Any CPU.Build.0 = Release|Any CPU
		{9D36209D-5B90-4B93-A663-2D4F25E95F33}.Debug|Any CPU.ActiveCfg = Debug|Any CPU
		{9D36209D-5B90-4B93-A663-2D4F25E95F33}.Debug|Any CPU.Build.0 = Debug|Any CPU
		{9D36209D-5B90-4B93-A663-2D4F25E95F33}.Release|Any CPU.ActiveCfg = Release|Any CPU
		{9D36209D-5B90-4B93-A663-2D4F25E95F33}.Release|Any CPU.Build.0 = Release|Any CPU
		{863380AB-FA64-4C34-AD4E-58C5C0ECE58B}.Debug|Any CPU.ActiveCfg = Debug|Any CPU
		{863380AB-FA64-4C34-AD4E-58C5C0ECE58B}.Debug|Any CPU.Build.0 = Debug|Any CPU
		{863380AB-FA64-4C34-AD4E-58C5C0ECE58B}.Release|Any CPU.ActiveCfg = Release|Any CPU
		{863380AB-FA64-4C34-AD4E-58C5C0ECE58B}.Release|Any CPU.Build.0 = Release|Any CPU
		{37489D4F-D195-483F-8217-9826352425A5}.Debug|Any CPU.ActiveCfg = Debug|Any CPU
		{37489D4F-D195-483F-8217-9826352425A5}.Debug|Any CPU.Build.0 = Debug|Any CPU
		{37489D4F-D195-483F-8217-9826352425A5}.Release|Any CPU.ActiveCfg = Release|Any CPU
		{37489D4F-D195-483F-8217-9826352425A5}.Release|Any CPU.Build.0 = Release|Any CPU
		{42288D17-7EC3-4F3C-8538-2375A87F27F3}.Debug|Any CPU.ActiveCfg = Debug|Any CPU
		{42288D17-7EC3-4F3C-8538-2375A87F27F3}.Debug|Any CPU.Build.0 = Debug|Any CPU
		{42288D17-7EC3-4F3C-8538-2375A87F27F3}.Release|Any CPU.ActiveCfg = Release|Any CPU
		{42288D17-7EC3-4F3C-8538-2375A87F27F3}.Release|Any CPU.Build.0 = Release|Any CPU
	EndGlobalSection
	GlobalSection(NestedProjects) = preSolution
		{E492156D-1413-46B3-91F2-1587FBB1E93B} = {13328390-19B0-46C9-9A36-531042C3D66F}
		{644A2E4B-E70A-45F6-AE4A-BD3B0A68F596} = {8DE01DA4-A202-489D-BF27-21EE66B912AB}
		{D630C021-4785-454A-BFB3-C736DE3DBC86} = {8DE01DA4-A202-489D-BF27-21EE66B912AB}
		{261D76D6-9104-4B5D-AD1B-767FE2449AD2} = {D630C021-4785-454A-BFB3-C736DE3DBC86}
		{CB4D3C52-54AA-4CD6-B179-09AF18A07F31} = {D630C021-4785-454A-BFB3-C736DE3DBC86}
		{9D36209D-5B90-4B93-A663-2D4F25E95F33} = {D630C021-4785-454A-BFB3-C736DE3DBC86}
		{863380AB-FA64-4C34-AD4E-58C5C0ECE58B} = {D630C021-4785-454A-BFB3-C736DE3DBC86}
		{37489D4F-D195-483F-8217-9826352425A5} = {D630C021-4785-454A-BFB3-C736DE3DBC86}
		{946A3094-0253-41FF-8B31-598127704BDB} = {8DE01DA4-A202-489D-BF27-21EE66B912AB}
		{42288D17-7EC3-4F3C-8538-2375A87F27F3} = {946A3094-0253-41FF-8B31-598127704BDB}
	EndGlobalSection
EndGlobal
